
Microsoft Visual Studio Solution File, Format Version 12.00
# Visual Studio Version 16
VisualStudioVersion = 16.0.28803.202
MinimumVisualStudioVersion = 10.0.40219.1
Project("{FAE04EC0-301F-11D3-BF4B-00C04F79EFBC}") = "Store.Models", "Store.Models\Store.Models.csproj", "{74458F22-9776-42AF-8DE2-9BB6E3A9F419}"
EndProject
Project("{FAE04EC0-301F-11D3-BF4B-00C04F79EFBC}") = "Store.Services", "Store.Services\Store.Services.csproj", "{74398A84-B685-4F05-8469-2088ABC9C4F0}"
EndProject
Global
	GlobalSection(SolutionConfigurationPlatforms) = preSolution
		Debug|Any CPU = Debug|Any CPU
		Release|Any CPU = Release|Any CPU
	EndGlobalSection
	GlobalSection(ProjectConfigurationPlatforms) = postSolution
		{74458F22-9776-42AF-8DE2-9BB6E3A9F419}.Debug|Any CPU.ActiveCfg = Debug|Any CPU
		{74458F22-9776-42AF-8DE2-9BB6E3A9F419}.Debug|Any CPU.Build.0 = Debug|Any CPU
		{74458F22-9776-42AF-8DE2-9BB6E3A9F419}.Release|Any CPU.ActiveCfg = Release|Any CPU
		{74458F22-9776-42AF-8DE2-9BB6E3A9F419}.Release|Any CPU.Build.0 = Release|Any CPU
		{74398A84-B685-4F05-8469-2088ABC9C4F0}.Debug|Any CPU.ActiveCfg = Debug|Any CPU
		{74398A84-B685-4F05-8469-2088ABC9C4F0}.Debug|Any CPU.Build.0 = Debug|Any CPU
		{74398A84-B685-4F05-8469-2088ABC9C4F0}.Release|Any CPU.ActiveCfg = Release|Any CPU
		{74398A84-B685-4F05-8469-2088ABC9C4F0}.Release|Any CPU.Build.0 = Release|Any CPU
	EndGlobalSection
	GlobalSection(SolutionProperties) = preSolution
		HideSolutionNode = FALSE
	EndGlobalSection
	GlobalSection(ExtensibilityGlobals) = postSolution
		SolutionGuid = {FC90573A-9006-42BE-95D9-7C0EC074EAE6}
	EndGlobalSection
EndGlobal
